
Microsoft Visual Studio Solution File, Format Version 12.00
# Visual Studio Version 16
VisualStudioVersion = 16.0.29728.190
MinimumVisualStudioVersion = 10.0.40219.1
Project("{FAE04EC0-301F-11D3-BF4B-00C04F79EFBC}") = "BmsWeb", "BmsWeb\BmsWeb.csproj", "{3597B3CA-0048-4F44-8AE8-B6BF87868B12}"
EndProject
Global
	GlobalSection(SolutionConfigurationPlatforms) = preSolution
		Debug|Any CPU = Debug|Any CPU
		Release|Any CPU = Release|Any CPU
	EndGlobalSection
	GlobalSection(ProjectConfigurationPlatforms) = postSolution
		{3597B3CA-0048-4F44-8AE8-B6BF87868B12}.Debug|Any CPU.ActiveCfg = Debug|Any CPU
		{3597B3CA-0048-4F44-8AE8-B6BF87868B12}.Debug|Any CPU.Build.0 = Debug|Any CPU
		{3597B3CA-0048-4F44-8AE8-B6BF87868B12}.Release|Any CPU.ActiveCfg = Release|Any CPU
		{3597B3CA-0048-4F44-8AE8-B6BF87868B12}.Release|Any CPU.Build.0 = Release|Any CPU
	EndGlobalSection
	GlobalSection(SolutionProperties) = preSolution
		HideSolutionNode = FALSE
	EndGlobalSection
	GlobalSection(ExtensibilityGlobals) = postSolution
		SolutionGuid = {E040A8B3-0056-49CA-8925-9E86D6F7DC2A}
	EndGlobalSection
EndGlobal
